
Microsoft Visual Studio Solution File, Format Version 12.00
# Visual Studio Version 16
VisualStudioVersion = 16.0.30128.74
MinimumVisualStudioVersion = 10.0.40219.1
Project("{FAE04EC0-301F-11D3-BF4B-00C04F79EFBC}") = "MovieLibraryApp", "MovieLibraryApp\MovieLibraryApp.csproj", "{2F6099F7-C8B6-4836-A218-2FE14671BBB1}"
EndProject
Global
	GlobalSection(SolutionConfigurationPlatforms) = preSolution
		Debug|Any CPU = Debug|Any CPU
		Release|Any CPU = Release|Any CPU
	EndGlobalSection
	GlobalSection(ProjectConfigurationPlatforms) = postSolution
		{2F6099F7-C8B6-4836-A218-2FE14671BBB1}.Debug|Any CPU.ActiveCfg = Debug|Any CPU
		{2F6099F7-C8B6-4836-A218-2FE14671BBB1}.Debug|Any CPU.Build.0 = Debug|Any CPU
		{2F6099F7-C8B6-4836-A218-2FE14671BBB1}.Release|Any CPU.ActiveCfg = Release|Any CPU
		{2F6099F7-C8B6-4836-A218-2FE14671BBB1}.Release|Any CPU.Build.0 = Release|Any CPU
	EndGlobalSection
	GlobalSection(SolutionProperties) = preSolution
		HideSolutionNode = FALSE
	EndGlobalSection
	GlobalSection(ExtensibilityGlobals) = postSolution
		SolutionGuid = {9A958427-48E7-4710-9A46-204D8E8098ED}
	EndGlobalSection
EndGlobal
